// !$*UTF8*$!
{
	archiveVersion = 1;
	classes = {
	};
	objectVersion = 50;
	objects = {

/* Begin PBXBuildFile section */
		C0E0090523BF6049004F6BB9 /* AppDelegate.swift in Sources */ = {isa = PBXBuildFile; fileRef = C0E0090423BF6049004F6BB9 /* AppDelegate.swift */; };
		C0E0090723BF6049004F6BB9 /* SceneDelegate.swift in Sources */ = {isa = PBXBuildFile; fileRef = C0E0090623BF6049004F6BB9 /* SceneDelegate.swift */; };
		C0E0090923BF6049004F6BB9 /* Shapes.swift in Sources */ = {isa = PBXBuildFile; fileRef = C0E0090823BF6049004F6BB9 /* Shapes.swift */; };
		C0E0090B23BF604A004F6BB9 /* assets.xcassets in Resources */ = {isa = PBXBuildFile; fileRef = C0E0090A23BF604A004F6BB9 /* assets.xcassets */; };
		C0E0090E23BF604A004F6BB9 /* Preview Assets.xcassets in Resources */ = {isa = PBXBuildFile; fileRef = C0E0090D23BF604A004F6BB9 /* Preview Assets.xcassets */; };
		C0E0091123BF604A004F6BB9 /* LaunchScreen.storyboard in Resources */ = {isa = PBXBuildFile; fileRef = C0E0090F23BF604A004F6BB9 /* LaunchScreen.storyboard */; };
		C0E0091923BF75B0004F6BB9 /* Transforming.swift in Sources */ = {isa = PBXBuildFile; fileRef = C0E0091823BF75B0004F6BB9 /* Transforming.swift */; };
		C0E0091B23BF918B004F6BB9 /* CreativeBorders.swift in Sources */ = {isa = PBXBuildFile; fileRef = C0E0091A23BF918B004F6BB9 /* CreativeBorders.swift */; };
		C0E0091D23BFB61E004F6BB9 /* PerfomanceMetal.swift in Sources */ = {isa = PBXBuildFile; fileRef = C0E0091C23BFB61E004F6BB9 /* PerfomanceMetal.swift */; };
		C0E0091F23BFD1CB004F6BB9 /* SpecialEffects.swift in Sources */ = {isa = PBXBuildFile; fileRef = C0E0091E23BFD1CB004F6BB9 /* SpecialEffects.swift */; };
		C0E0092123BFE2B7004F6BB9 /* Animating.swift in Sources */ = {isa = PBXBuildFile; fileRef = C0E0092023BFE2B7004F6BB9 /* Animating.swift */; };
		C0E0092323C015D8004F6BB9 /* Spirograph.swift in Sources */ = {isa = PBXBuildFile; fileRef = C0E0092223C015D8004F6BB9 /* Spirograph.swift */; };
/* End PBXBuildFile section */

/* Begin PBXFileReference section */
		C0E0090123BF6049004F6BB9 /* DrawingSwiftUI.app */ = {isa = PBXFileReference; explicitFileType = wrapper.application; includeInIndex = 0; path = DrawingSwiftUI.app; sourceTree = BUILT_PRODUCTS_DIR; };
		C0E0090423BF6049004F6BB9 /* AppDelegate.swift */ = {isa = PBXFileReference; lastKnownFileType = sourcecode.swift; path = AppDelegate.swift; sourceTree = "<group>"; };
		C0E0090623BF6049004F6BB9 /* SceneDelegate.swift */ = {isa = PBXFileReference; lastKnownFileType = sourcecode.swift; path = SceneDelegate.swift; sourceTree = "<group>"; };
		C0E0090823BF6049004F6BB9 /* Shapes.swift */ = {isa = PBXFileReference; lastKnownFileType = sourcecode.swift; path = Shapes.swift; sourceTree = "<group>"; };
		C0E0090A23BF604A004F6BB9 /* assets.xcassets */ = {isa = PBXFileReference; lastKnownFileType = folder.assetcatalog; path = assets.xcassets; sourceTree = "<group>"; };
		C0E0090D23BF604A004F6BB9 /* Preview Assets.xcassets */ = {isa = PBXFileReference; lastKnownFileType = folder.assetcatalog; path = "Preview Assets.xcassets"; sourceTree = "<group>"; };
		C0E0091023BF604A004F6BB9 /* Base */ = {isa = PBXFileReference; lastKnownFileType = file.storyboard; name = Base; path = Base.lproj/LaunchScreen.storyboard; sourceTree = "<group>"; };
		C0E0091223BF604A004F6BB9 /* Info.plist */ = {isa = PBXFileReference; lastKnownFileType = text.plist.xml; path = Info.plist; sourceTree = "<group>"; };
		C0E0091823BF75B0004F6BB9 /* Transforming.swift */ = {isa = PBXFileReference; lastKnownFileType = sourcecode.swift; path = Transforming.swift; sourceTree = "<group>"; };
		C0E0091A23BF918B004F6BB9 /* CreativeBorders.swift */ = {isa = PBXFileReference; lastKnownFileType = sourcecode.swift; path = CreativeBorders.swift; sourceTree = "<group>"; };
		C0E0091C23BFB61E004F6BB9 /* PerfomanceMetal.swift */ = {isa = PBXFileReference; lastKnownFileType = sourcecode.swift; path = PerfomanceMetal.swift; sourceTree = "<group>"; };
		C0E0091E23BFD1CB004F6BB9 /* SpecialEffects.swift */ = {isa = PBXFileReference; lastKnownFileType = sourcecode.swift; path = SpecialEffects.swift; sourceTree = "<group>"; };
		C0E0092023BFE2B7004F6BB9 /* Animating.swift */ = {isa = PBXFileReference; lastKnownFileType = sourcecode.swift; path = Animating.swift; sourceTree = "<group>"; };
		C0E0092223C015D8004F6BB9 /* Spirograph.swift */ = {isa = PBXFileReference; lastKnownFileType = sourcecode.swift; path = Spirograph.swift; sourceTree = "<group>"; };
/* End PBXFileReference section */

/* Begin PBXFrameworksBuildPhase section */
		C0E008FE23BF6049004F6BB9 /* Frameworks */ = {
			isa = PBXFrameworksBuildPhase;
			buildActionMask = 2147483647;
			files = (
			);
			runOnlyForDeploymentPostprocessing = 0;
		};
/* End PBXFrameworksBuildPhase section */

/* Begin PBXGroup section */
		C0E008F823BF6049004F6BB9 = {
			isa = PBXGroup;
			children = (
				C0E0090323BF6049004F6BB9 /* DrawingSwiftUI */,
				C0E0090223BF6049004F6BB9 /* Products */,
			);
			sourceTree = "<group>";
		};
		C0E0090223BF6049004F6BB9 /* Products */ = {
			isa = PBXGroup;
			children = (
				C0E0090123BF6049004F6BB9 /* DrawingSwiftUI.app */,
			);
			name = Products;
			sourceTree = "<group>";
		};
		C0E0090323BF6049004F6BB9 /* DrawingSwiftUI */ = {
			isa = PBXGroup;
			children = (
				C0E0090423BF6049004F6BB9 /* AppDelegate.swift */,
				C0E0090623BF6049004F6BB9 /* SceneDelegate.swift */,
				C0E0091823BF75B0004F6BB9 /* Transforming.swift */,
				C0E0091A23BF918B004F6BB9 /* CreativeBorders.swift */,
				C0E0090823BF6049004F6BB9 /* Shapes.swift */,
				C0E0090A23BF604A004F6BB9 /* assets.xcassets */,
				C0E0090F23BF604A004F6BB9 /* LaunchScreen.storyboard */,
				C0E0091223BF604A004F6BB9 /* Info.plist */,
				C0E0090C23BF604A004F6BB9 /* Preview Content */,
				C0E0091C23BFB61E004F6BB9 /* PerfomanceMetal.swift */,
				C0E0091E23BFD1CB004F6BB9 /* SpecialEffects.swift */,
				C0E0092023BFE2B7004F6BB9 /* Animating.swift */,
				C0E0092223C015D8004F6BB9 /* Spirograph.swift */,
			);
			path = DrawingSwiftUI;
			sourceTree = "<group>";
		};
		C0E0090C23BF604A004F6BB9 /* Preview Content */ = {
			isa = PBXGroup;
			children = (
				C0E0090D23BF604A004F6BB9 /* Preview Assets.xcassets */,
			);
			path = "Preview Content";
			sourceTree = "<group>";
		};
/* End PBXGroup section */

/* Begin PBXNativeTarget section */
		C0E0090023BF6049004F6BB9 /* DrawingSwiftUI */ = {
			isa = PBXNativeTarget;
			buildConfigurationList = C0E0091523BF604A004F6BB9 /* Build configuration list for PBXNativeTarget "DrawingSwiftUI" */;
			buildPhases = (
				C0E008FD23BF6049004F6BB9 /* Sources */,
				C0E008FE23BF6049004F6BB9 /* Frameworks */,
				C0E008FF23BF6049004F6BB9 /* Resources */,
			);
			buildRules = (
			);
			dependencies = (
			);
			name = DrawingSwiftUI;
			productName = DrawingSwiftUI;
			productReference = C0E0090123BF6049004F6BB9 /* DrawingSwiftUI.app */;
			productType = "com.apple.product-type.application";
		};
/* End PBXNativeTarget section */

/* Begin PBXProject section */
		C0E008F923BF6049004F6BB9 /* Project object */ = {
			isa = PBXProject;
			attributes = {
				LastSwiftUpdateCheck = 1120;
				LastUpgradeCheck = 1120;
				ORGANIZATIONNAME = Ciclic;
				TargetAttributes = {
					C0E0090023BF6049004F6BB9 = {
						CreatedOnToolsVersion = 11.2.1;
					};
				};
			};
			buildConfigurationList = C0E008FC23BF6049004F6BB9 /* Build configuration list for PBXProject "DrawingSwiftUI" */;
			compatibilityVersion = "Xcode 9.3";
			developmentRegion = en;
			hasScannedForEncodings = 0;
			knownRegions = (
				en,
				Base,
			);
			mainGroup = C0E008F823BF6049004F6BB9;
			productRefGroup = C0E0090223BF6049004F6BB9 /* Products */;
			projectDirPath = "";
			projectRoot = "";
			targets = (
				C0E0090023BF6049004F6BB9 /* DrawingSwiftUI */,
			);
		};
/* End PBXProject section */

/* Begin PBXResourcesBuildPhase section */
		C0E008FF23BF6049004F6BB9 /* Resources */ = {
			isa = PBXResourcesBuildPhase;
			buildActionMask = 2147483647;
			files = (
				C0E0091123BF604A004F6BB9 /* LaunchScreen.storyboard in Resources */,
				C0E0090E23BF604A004F6BB9 /* Preview Assets.xcassets in Resources */,
				C0E0090B23BF604A004F6BB9 /* assets.xcassets in Resources */,
			);
			runOnlyForDeploymentPostprocessing = 0;
		};
/* End PBXResourcesBuildPhase section */

/* Begin PBXSourcesBuildPhase section */
		C0E008FD23BF6049004F6BB9 /* Sources */ = {
			isa = PBXSourcesBuildPhase;
			buildActionMask = 2147483647;
			files = (
				C0E0091B23BF918B004F6BB9 /* CreativeBorders.swift in Sources */,
				C0E0090523BF6049004F6BB9 /* AppDelegate.swift in Sources */,
				C0E0092323C015D8004F6BB9 /* Spirograph.swift in Sources */,
				C0E0092123BFE2B7004F6BB9 /* Animating.swift in Sources */,
				C0E0090723BF6049004F6BB9 /* SceneDelegate.swift in Sources */,
				C0E0091F23BFD1CB004F6BB9 /* SpecialEffects.swift in Sources */,
				C0E0091D23BFB61E004F6BB9 /* PerfomanceMetal.swift in Sources */,
				C0E0090923BF6049004F6BB9 /* Shapes.swift in Sources */,
				C0E0091923BF75B0004F6BB9 /* Transforming.swift in Sources */,
			);
			runOnlyForDeploymentPostprocessing = 0;
		};
/* End PBXSourcesBuildPhase section */

/* Begin PBXVariantGroup section */
		C0E0090F23BF604A004F6BB9 /* LaunchScreen.storyboard */ = {
			isa = PBXVariantGroup;
			children = (
				C0E0091023BF604A004F6BB9 /* Base */,
			);
			name = LaunchScreen.storyboard;
			sourceTree = "<group>";
		};
/* End PBXVariantGroup section */

/* Begin XCBuildConfiguration section */
		C0E0091323BF604A004F6BB9 /* Debug */ = {
			isa = XCBuildConfiguration;
			buildSettings = {
				ALWAYS_SEARCH_USER_PATHS = NO;
				CLANG_ANALYZER_NONNULL = YES;
				CLANG_ANALYZER_NUMBER_OBJECT_CONVERSION = YES_AGGRESSIVE;
				CLANG_CXX_LANGUAGE_STANDARD = "gnu++14";
				CLANG_CXX_LIBRARY = "libc++";
				CLANG_ENABLE_MODULES = YES;
				CLANG_ENABLE_OBJC_ARC = YES;
				CLANG_ENABLE_OBJC_WEAK = YES;
				CLANG_WARN_BLOCK_CAPTURE_AUTORELEASING = YES;
				CLANG_WARN_BOOL_CONVERSION = YES;
				CLANG_WARN_COMMA = YES;
				CLANG_WARN_CONSTANT_CONVERSION = YES;
				CLANG_WARN_DEPRECATED_OBJC_IMPLEMENTATIONS = YES;
				CLANG_WARN_DIRECT_OBJC_ISA_USAGE = YES_ERROR;
				CLANG_WARN_DOCUMENTATION_COMMENTS = YES;
				CLANG_WARN_EMPTY_BODY = YES;
				CLANG_WARN_ENUM_CONVERSION = YES;
				CLANG_WARN_INFINITE_RECURSION = YES;
				CLANG_WARN_INT_CONVERSION = YES;
				CLANG_WARN_NON_LITERAL_NULL_CONVERSION = YES;
				CLANG_WARN_OBJC_IMPLICIT_RETAIN_SELF = YES;
				CLANG_WARN_OBJC_LITERAL_CONVERSION = YES;
				CLANG_WARN_OBJC_ROOT_CLASS = YES_ERROR;
				CLANG_WARN_RANGE_LOOP_ANALYSIS = YES;
				CLANG_WARN_STRICT_PROTOTYPES = YES;
				CLANG_WARN_SUSPICIOUS_MOVE = YES;
				CLANG_WARN_UNGUARDED_AVAILABILITY = YES_AGGRESSIVE;
				CLANG_WARN_UNREACHABLE_CODE = YES;
				CLANG_WARN__DUPLICATE_METHOD_MATCH = YES;
				COPY_PHASE_STRIP = NO;
				DEBUG_INFORMATION_FORMAT = dwarf;
				ENABLE_STRICT_OBJC_MSGSEND = YES;
				ENABLE_TESTABILITY = YES;
				GCC_C_LANGUAGE_STANDARD = gnu11;
				GCC_DYNAMIC_NO_PIC = NO;
				GCC_NO_COMMON_BLOCKS = YES;
				GCC_OPTIMIZATION_LEVEL = 0;
				GCC_PREPROCESSOR_DEFINITIONS = (
					"DEBUG=1",
					"$(inherited)",
				);
				GCC_WARN_64_TO_32_BIT_CONVERSION = YES;
				GCC_WARN_ABOUT_RETURN_TYPE = YES_ERROR;
				GCC_WARN_UNDECLARED_SELECTOR = YES;
				GCC_WARN_UNINITIALIZED_AUTOS = YES_AGGRESSIVE;
				GCC_WARN_UNUSED_FUNCTION = YES;
				GCC_WARN_UNUSED_VARIABLE = YES;
				IPHONEOS_DEPLOYMENT_TARGET = 13.2;
				MTL_ENABLE_DEBUG_INFO = INCLUDE_SOURCE;
				MTL_FAST_MATH = YES;
				ONLY_ACTIVE_ARCH = YES;
				SDKROOT = iphoneos;
				SWIFT_ACTIVE_COMPILATION_CONDITIONS = DEBUG;
				SWIFT_OPTIMIZATION_LEVEL = "-Onone";
			};
			name = Debug;
		};
		C0E0091423BF604A004F6BB9 /* Release */ = {
			isa = XCBuildConfiguration;
			buildSettings = {
				ALWAYS_SEARCH_USER_PATHS = NO;
				CLANG_ANALYZER_NONNULL = YES;
				CLANG_ANALYZER_NUMBER_OBJECT_CONVERSION = YES_AGGRESSIVE;
				CLANG_CXX_LANGUAGE_STANDARD = "gnu++14";
				CLANG_CXX_LIBRARY = "libc++";
				CLANG_ENABLE_MODULES = YES;
				CLANG_ENABLE_OBJC_ARC = YES;
				CLANG_ENABLE_OBJC_WEAK = YES;
				CLANG_WARN_BLOCK_CAPTURE_AUTORELEASING = YES;
				CLANG_WARN_BOOL_CONVERSION = YES;
				CLANG_WARN_COMMA = YES;
				CLANG_WARN_CONSTANT_CONVERSION = YES;
				CLANG_WARN_DEPRECATED_OBJC_IMPLEMENTATIONS = YES;
				CLANG_WARN_DIRECT_OBJC_ISA_USAGE = YES_ERROR;
				CLANG_WARN_DOCUMENTATION_COMMENTS = YES;
				CLANG_WARN_EMPTY_BODY = YES;
				CLANG_WARN_ENUM_CONVERSION = YES;
				CLANG_WARN_INFINITE_RECURSION = YES;
				CLANG_WARN_INT_CONVERSION = YES;
				CLANG_WARN_NON_LITERAL_NULL_CONVERSION = YES;
				CLANG_WARN_OBJC_IMPLICIT_RETAIN_SELF = YES;
				CLANG_WARN_OBJC_LITERAL_CONVERSION = YES;
				CLANG_WARN_OBJC_ROOT_CLASS = YES_ERROR;
				CLANG_WARN_RANGE_LOOP_ANALYSIS = YES;
				CLANG_WARN_STRICT_PROTOTYPES = YES;
				CLANG_WARN_SUSPICIOUS_MOVE = YES;
				CLANG_WARN_UNGUARDED_AVAILABILITY = YES_AGGRESSIVE;
				CLANG_WARN_UNREACHABLE_CODE = YES;
				CLANG_WARN__DUPLICATE_METHOD_MATCH = YES;
				COPY_PHASE_STRIP = NO;
				DEBUG_INFORMATION_FORMAT = "dwarf-with-dsym";
				ENABLE_NS_ASSERTIONS = NO;
				ENABLE_STRICT_OBJC_MSGSEND = YES;
				GCC_C_LANGUAGE_STANDARD = gnu11;
				GCC_NO_COMMON_BLOCKS = YES;
				GCC_WARN_64_TO_32_BIT_CONVERSION = YES;
				GCC_WARN_ABOUT_RETURN_TYPE = YES_ERROR;
				GCC_WARN_UNDECLARED_SELECTOR = YES;
				GCC_WARN_UNINITIALIZED_AUTOS = YES_AGGRESSIVE;
				GCC_WARN_UNUSED_FUNCTION = YES;
				GCC_WARN_UNUSED_VARIABLE = YES;
				IPHONEOS_DEPLOYMENT_TARGET = 13.2;
				MTL_ENABLE_DEBUG_INFO = NO;
				MTL_FAST_MATH = YES;
				SDKROOT = iphoneos;
				SWIFT_COMPILATION_MODE = wholemodule;
				SWIFT_OPTIMIZATION_LEVEL = "-O";
				VALIDATE_PRODUCT = YES;
			};
			name = Release;
		};
		C0E0091623BF604A004F6BB9 /* Debug */ = {
			isa = XCBuildConfiguration;
			buildSettings = {
				ASSETCATALOG_COMPILER_APPICON_NAME = AppIcon;
				CODE_SIGN_STYLE = Automatic;
				DEVELOPMENT_ASSET_PATHS = "\"DrawingSwiftUI/Preview Content\"";
				DEVELOPMENT_TEAM = 4PQ75NFB72;
				ENABLE_PREVIEWS = YES;
				INFOPLIST_FILE = DrawingSwiftUI/Info.plist;
				LD_RUNPATH_SEARCH_PATHS = (
					"$(inherited)",
					"@executable_path/Frameworks",
				);
				PRODUCT_BUNDLE_IDENTIFIER = br.com.ciclic.DrawingSwiftUI;
				PRODUCT_NAME = "$(TARGET_NAME)";
				SWIFT_VERSION = 5.0;
				TARGETED_DEVICE_FAMILY = "1,2";
			};
			name = Debug;
		};
		C0E0091723BF604A004F6BB9 /* Release */ = {
			isa = XCBuildConfiguration;
			buildSettings = {
				ASSETCATALOG_COMPILER_APPICON_NAME = AppIcon;
				CODE_SIGN_STYLE = Automatic;
				DEVELOPMENT_ASSET_PATHS = "\"DrawingSwiftUI/Preview Content\"";
				DEVELOPMENT_TEAM = 4PQ75NFB72;
				ENABLE_PREVIEWS = YES;
				INFOPLIST_FILE = DrawingSwiftUI/Info.plist;
				LD_RUNPATH_SEARCH_PATHS = (
					"$(inherited)",
					"@executable_path/Frameworks",
				);
				PRODUCT_BUNDLE_IDENTIFIER = br.com.ciclic.DrawingSwiftUI;
				PRODUCT_NAME = "$(TARGET_NAME)";
				SWIFT_VERSION = 5.0;
				TARGETED_DEVICE_FAMILY = "1,2";
			};
			name = Release;
		};
/* End XCBuildConfiguration section */

/* Begin XCConfigurationList section */
		C0E008FC23BF6049004F6BB9 /* Build configuration list for PBXProject "DrawingSwiftUI" */ = {
			isa = XCConfigurationList;
			buildConfigurations = (
				C0E0091323BF604A004F6BB9 /* Debug */,
				C0E0091423BF604A004F6BB9 /* Release */,
			);
			defaultConfigurationIsVisible = 0;
			defaultConfigurationName = Release;
		};
		C0E0091523BF604A004F6BB9 /* Build configuration list for PBXNativeTarget "DrawingSwiftUI" */ = {
			isa = XCConfigurationList;
			buildConfigurations = (
				C0E0091623BF604A004F6BB9 /* Debug */,
				C0E0091723BF604A004F6BB9 /* Release */,
			);
			defaultConfigurationIsVisible = 0;
			defaultConfigurationName = Release;
		};
/* End XCConfigurationList section */
	};
	rootObject = C0E008F923BF6049004F6BB9 /* Project object */;
}
